// !$*UTF8*$!
{
	archiveVersion = 1;
	classes = {
	};
	objectVersion = 46;
	objects = {

/* Begin PBXBuildFile section */
		02EB0CAF1941F8660056679D /* Morse.swift in Sources */ = {isa = PBXBuildFile; fileRef = 02EB0CAE1941F8660056679D /* Morse.swift */; };
		02EB8C0D1940FD9D00916483 /* main.swift in Sources */ = {isa = PBXBuildFile; fileRef = 02EB8C0C1940FD9D00916483 /* main.swift */; };
		02EB8C141940FF5100916483 /* IOHelper.swift in Sources */ = {isa = PBXBuildFile; fileRef = 02EB8C131940FF5100916483 /* IOHelper.swift */; };
/* End PBXBuildFile section */

/* Begin PBXCopyFilesBuildPhase section */
		02EB8C071940FD9D00916483 /* CopyFiles */ = {
			isa = PBXCopyFilesBuildPhase;
			buildActionMask = 2147483647;
			dstPath = /usr/share/man/man1/;
			dstSubfolderSpec = 0;
			files = (
			);
			runOnlyForDeploymentPostprocessing = 1;
		};
/* End PBXCopyFilesBuildPhase section */

/* Begin PBXFileReference section */
		02EB0CAE1941F8660056679D /* Morse.swift */ = {isa = PBXFileReference; fileEncoding = 4; lastKnownFileType = sourcecode.swift; path = Morse.swift; sourceTree = "<group>"; };
		02EB8C091940FD9D00916483 /* morse */ = {isa = PBXFileReference; explicitFileType = "compiled.mach-o.executable"; includeInIndex = 0; path = morse; sourceTree = BUILT_PRODUCTS_DIR; };
		02EB8C0C1940FD9D00916483 /* main.swift */ = {isa = PBXFileReference; lastKnownFileType = sourcecode.swift; path = main.swift; sourceTree = "<group>"; };
		02EB8C131940FF5100916483 /* IOHelper.swift */ = {isa = PBXFileReference; fileEncoding = 4; lastKnownFileType = sourcecode.swift; path = IOHelper.swift; sourceTree = "<group>"; };
/* End PBXFileReference section */

/* Begin PBXFrameworksBuildPhase section */
		02EB8C061940FD9D00916483 /* Frameworks */ = {
			isa = PBXFrameworksBuildPhase;
			buildActionMask = 2147483647;
			files = (
			);
			runOnlyForDeploymentPostprocessing = 0;
		};
/* End PBXFrameworksBuildPhase section */

/* Begin PBXGroup section */
		02EB8C001940FD9D00916483 = {
			isa = PBXGroup;
			children = (
				02EB8C0B1940FD9D00916483 /* morse */,
				02EB8C0A1940FD9D00916483 /* Products */,
			);
			sourceTree = "<group>";
		};
		02EB8C0A1940FD9D00916483 /* Products */ = {
			isa = PBXGroup;
			children = (
				02EB8C091940FD9D00916483 /* morse */,
			);
			name = Products;
			sourceTree = "<group>";
		};
		02EB8C0B1940FD9D00916483 /* morse */ = {
			isa = PBXGroup;
			children = (
				02EB8C0C1940FD9D00916483 /* main.swift */,
				02EB8C131940FF5100916483 /* IOHelper.swift */,
				02EB0CAE1941F8660056679D /* Morse.swift */,
			);
			path = morse;
			sourceTree = "<group>";
		};
/* End PBXGroup section */

/* Begin PBXNativeTarget section */
		02EB8C081940FD9D00916483 /* morse */ = {
			isa = PBXNativeTarget;
			buildConfigurationList = 02EB8C101940FD9D00916483 /* Build configuration list for PBXNativeTarget "morse" */;
			buildPhases = (
				02EB8C051940FD9D00916483 /* Sources */,
				02EB8C061940FD9D00916483 /* Frameworks */,
				02EB8C071940FD9D00916483 /* CopyFiles */,
			);
			buildRules = (
			);
			dependencies = (
			);
			name = morse;
			productName = morse;
			productReference = 02EB8C091940FD9D00916483 /* morse */;
			productType = "com.apple.product-type.tool";
		};
/* End PBXNativeTarget section */

/* Begin PBXProject section */
		02EB8C011940FD9D00916483 /* Project object */ = {
			isa = PBXProject;
			attributes = {
				LastSwiftUpdateCheck = 0700;
				LastUpgradeCheck = 0700;
				ORGANIZATIONNAME = photograve;
				TargetAttributes = {
					02EB8C081940FD9D00916483 = {
						CreatedOnToolsVersion = 6.0;
					};
				};
			};
			buildConfigurationList = 02EB8C041940FD9D00916483 /* Build configuration list for PBXProject "morse" */;
			compatibilityVersion = "Xcode 3.2";
			developmentRegion = English;
			hasScannedForEncodings = 0;
			knownRegions = (
				en,
			);
			mainGroup = 02EB8C001940FD9D00916483;
			productRefGroup = 02EB8C0A1940FD9D00916483 /* Products */;
			projectDirPath = "";
			projectRoot = "";
			targets = (
				02EB8C081940FD9D00916483 /* morse */,
			);
		};
/* End PBXProject section */

/* Begin PBXSourcesBuildPhase section */
		02EB8C051940FD9D00916483 /* Sources */ = {
			isa = PBXSourcesBuildPhase;
			buildActionMask = 2147483647;
			files = (
				02EB0CAF1941F8660056679D /* Morse.swift in Sources */,
				02EB8C0D1940FD9D00916483 /* main.swift in Sources */,
				02EB8C141940FF5100916483 /* IOHelper.swift in Sources */,
			);
			runOnlyForDeploymentPostprocessing = 0;
		};
/* End PBXSourcesBuildPhase section */

/* Begin XCBuildConfiguration section */
		02EB8C0E1940FD9D00916483 /* Debug */ = {
			isa = XCBuildConfiguration;
			buildSettings = {
				ALWAYS_SEARCH_USER_PATHS = NO;
				CLANG_CXX_LANGUAGE_STANDARD = "gnu++0x";
				CLANG_CXX_LIBRARY = "libc++";
				CLANG_ENABLE_MODULES = YES;
				CLANG_ENABLE_OBJC_ARC = YES;
				CLANG_WARN_BOOL_CONVERSION = YES;
				CLANG_WARN_CONSTANT_CONVERSION = YES;
				CLANG_WARN_DIRECT_OBJC_ISA_USAGE = YES_ERROR;
				CLANG_WARN_EMPTY_BODY = YES;
				CLANG_WARN_ENUM_CONVERSION = YES;
				CLANG_WARN_INT_CONVERSION = YES;
				CLANG_WARN_OBJC_ROOT_CLASS = YES_ERROR;
				CLANG_WARN_UNREACHABLE_CODE = YES;
				CLANG_WARN__DUPLICATE_METHOD_MATCH = YES;
				COPY_PHASE_STRIP = NO;
				ENABLE_STRICT_OBJC_MSGSEND = YES;
				ENABLE_TESTABILITY = YES;
				GCC_C_LANGUAGE_STANDARD = gnu99;
				GCC_DYNAMIC_NO_PIC = NO;
				GCC_OPTIMIZATION_LEVEL = 0;
				GCC_PREPROCESSOR_DEFINITIONS = (
					"DEBUG=1",
					"$(inherited)",
				);
				GCC_SYMBOLS_PRIVATE_EXTERN = NO;
				GCC_WARN_64_TO_32_BIT_CONVERSION = YES;
				GCC_WARN_ABOUT_RETURN_TYPE = YES_ERROR;
				GCC_WARN_UNDECLARED_SELECTOR = YES;
				GCC_WARN_UNINITIALIZED_AUTOS = YES_AGGRESSIVE;
				GCC_WARN_UNUSED_FUNCTION = YES;
				GCC_WARN_UNUSED_VARIABLE = YES;
				MACOSX_DEPLOYMENT_TARGET = 10.10;
				METAL_ENABLE_DEBUG_INFO = YES;
				ONLY_ACTIVE_ARCH = YES;
				SDKROOT = macosx;
				SWIFT_OPTIMIZATION_LEVEL = "-Onone";
			};
			name = Debug;
		};
		02EB8C0F1940FD9D00916483 /* Release */ = {
			isa = XCBuildConfiguration;
			buildSettings = {
				ALWAYS_SEARCH_USER_PATHS = NO;
				CLANG_CXX_LANGUAGE_STANDARD = "gnu++0x";
				CLANG_CXX_LIBRARY = "libc++";
				CLANG_ENABLE_MODULES = YES;
				CLANG_ENABLE_OBJC_ARC = YES;
				CLANG_WARN_BOOL_CONVERSION = YES;
				CLANG_WARN_CONSTANT_CONVERSION = YES;
				CLANG_WARN_DIRECT_OBJC_ISA_USAGE = YES_ERROR;
				CLANG_WARN_EMPTY_BODY = YES;
				CLANG_WARN_ENUM_CONVERSION = YES;
				CLANG_WARN_INT_CONVERSION = YES;
				CLANG_WARN_OBJC_ROOT_CLASS = YES_ERROR;
				CLANG_WARN_UNREACHABLE_CODE = YES;
				CLANG_WARN__DUPLICATE_METHOD_MATCH = YES;
				COPY_PHASE_STRIP = YES;
				DEBUG_INFORMATION_FORMAT = "dwarf-with-dsym";
				ENABLE_NS_ASSERTIONS = NO;
				ENABLE_STRICT_OBJC_MSGSEND = YES;
				GCC_C_LANGUAGE_STANDARD = gnu99;
				GCC_WARN_64_TO_32_BIT_CONVERSION = YES;
				GCC_WARN_ABOUT_RETURN_TYPE = YES_ERROR;
				GCC_WARN_UNDECLARED_SELECTOR = YES;
				GCC_WARN_UNINITIALIZED_AUTOS = YES_AGGRESSIVE;
				GCC_WARN_UNUSED_FUNCTION = YES;
				GCC_WARN_UNUSED_VARIABLE = YES;
				MACOSX_DEPLOYMENT_TARGET = 10.10;
				METAL_ENABLE_DEBUG_INFO = NO;
				SDKROOT = macosx;
			};
			name = Release;
		};
		02EB8C111940FD9D00916483 /* Debug */ = {
			isa = XCBuildConfiguration;
			buildSettings = {
				COPY_PHASE_STRIP = YES;
				GCC_OPTIMIZATION_LEVEL = 0;
				GCC_SYMBOLS_PRIVATE_EXTERN = NO;
				ONLY_ACTIVE_ARCH = NO;
				PRODUCT_NAME = "$(TARGET_NAME)";
				SDKROOT = macosx;
				SWIFT_OPTIMIZATION_LEVEL = "-Onone";
			};
			name = Debug;
		};
		02EB8C121940FD9D00916483 /* Release */ = {
			isa = XCBuildConfiguration;
			buildSettings = {
				COPY_PHASE_STRIP = YES;
				GCC_OPTIMIZATION_LEVEL = s;
				GCC_SYMBOLS_PRIVATE_EXTERN = YES;
				ONLY_ACTIVE_ARCH = NO;
				PRODUCT_NAME = "$(TARGET_NAME)";
				SDKROOT = macosx;
			};
			name = Release;
		};
/* End XCBuildConfiguration section */

/* Begin XCConfigurationList section */
		02EB8C041940FD9D00916483 /* Build configuration list for PBXProject "morse" */ = {
			isa = XCConfigurationList;
			buildConfigurations = (
				02EB8C0E1940FD9D00916483 /* Debug */,
				02EB8C0F1940FD9D00916483 /* Release */,
			);
			defaultConfigurationIsVisible = 0;
			defaultConfigurationName = Release;
		};
		02EB8C101940FD9D00916483 /* Build configuration list for PBXNativeTarget "morse" */ = {
			isa = XCConfigurationList;
			buildConfigurations = (
				02EB8C111940FD9D00916483 /* Debug */,
				02EB8C121940FD9D00916483 /* Release */,
			);
			defaultConfigurationIsVisible = 0;
			defaultConfigurationName = Release;
		};
/* End XCConfigurationList section */
	};
	rootObject = 02EB8C011940FD9D00916483 /* Project object */;
}
